
Microsoft Visual Studio Solution File, Format Version 12.00
# Visual Studio Version 16
VisualStudioVersion = 16.0.31702.278
MinimumVisualStudioVersion = 10.0.40219.1
Project("{8BC9CEB8-8B4A-11D0-8D11-00A0C91BC942}") = "Lab3 ООП", "Lab3 ООП\Lab3 ООП.vcxproj", "{D3A33E5B-92B1-498A-A4D0-3B701DF8EE95}"
EndProject
Global
	GlobalSection(SolutionConfigurationPlatforms) = preSolution
		Debug|x64 = Debug|x64
		Debug|x86 = Debug|x86
		Release|x64 = Release|x64
		Release|x86 = Release|x86
	EndGlobalSection
	GlobalSection(ProjectConfigurationPlatforms) = postSolution
		{D3A33E5B-92B1-498A-A4D0-3B701DF8EE95}.Debug|x64.ActiveCfg = Debug|x64
		{D3A33E5B-92B1-498A-A4D0-3B701DF8EE95}.Debug|x64.Build.0 = Debug|x64
		{D3A33E5B-92B1-498A-A4D0-3B701DF8EE95}.Debug|x86.ActiveCfg = Debug|Win32
		{D3A33E5B-92B1-498A-A4D0-3B701DF8EE95}.Debug|x86.Build.0 = Debug|Win32
		{D3A33E5B-92B1-498A-A4D0-3B701DF8EE95}.Release|x64.ActiveCfg = Release|x64
		{D3A33E5B-92B1-498A-A4D0-3B701DF8EE95}.Release|x64.Build.0 = Release|x64
		{D3A33E5B-92B1-498A-A4D0-3B701DF8EE95}.Release|x86.ActiveCfg = Release|Win32
		{D3A33E5B-92B1-498A-A4D0-3B701DF8EE95}.Release|x86.Build.0 = Release|Win32
	EndGlobalSection
	GlobalSection(SolutionProperties) = preSolution
		HideSolutionNode = FALSE
	EndGlobalSection
	GlobalSection(ExtensibilityGlobals) = postSolution
		SolutionGuid = {A1239902-7573-4F6E-922D-D8F17F0110A0}
	EndGlobalSection
EndGlobal
